
Microsoft Visual Studio Solution File, Format Version 12.00
# Visual Studio Version 17
VisualStudioVersion = 17.11.35222.181
MinimumVisualStudioVersion = 10.0.40219.1
Project("{FAE04EC0-301F-11D3-BF4B-00C04F79EFBC}") = "W5P_Resolution_Patcher", "W5P_Resolution_Patcher.csproj", "{16EEF085-B060-48EB-A5CE-95E058B05061}"
EndProject
Global
	GlobalSection(SolutionConfigurationPlatforms) = preSolution
		Debug|Any CPU = Debug|Any CPU
		Release|Any CPU = Release|Any CPU
	EndGlobalSection
	GlobalSection(ProjectConfigurationPlatforms) = postSolution
		{16EEF085-B060-48EB-A5CE-95E058B05061}.Debug|Any CPU.ActiveCfg = Debug|Any CPU
		{16EEF085-B060-48EB-A5CE-95E058B05061}.Debug|Any CPU.Build.0 = Debug|Any CPU
		{16EEF085-B060-48EB-A5CE-95E058B05061}.Release|Any CPU.ActiveCfg = Release|Any CPU
		{16EEF085-B060-48EB-A5CE-95E058B05061}.Release|Any CPU.Build.0 = Release|Any CPU
	EndGlobalSection
	GlobalSection(SolutionProperties) = preSolution
		HideSolutionNode = FALSE
	EndGlobalSection
	GlobalSection(ExtensibilityGlobals) = postSolution
		SolutionGuid = {F4C75CF3-72EA-42D7-8EA7-B1E1EE3FFD87}
	EndGlobalSection
EndGlobal
